
Microsoft Visual Studio Solution File, Format Version 12.00
# Visual Studio Version 17
VisualStudioVersion = 17.2.32630.192
MinimumVisualStudioVersion = 10.0.40219.1
Project("{FAE04EC0-301F-11D3-BF4B-00C04F79EFBC}") = "WebAPISQL", "WebAPISQL\WebAPISQL.csproj", "{8C08642A-C8EB-4042-A773-1BC53FA0A721}"
EndProject
Global
	GlobalSection(SolutionConfigurationPlatforms) = preSolution
		Debug|Any CPU = Debug|Any CPU
		Release|Any CPU = Release|Any CPU
	EndGlobalSection
	GlobalSection(ProjectConfigurationPlatforms) = postSolution
		{8C08642A-C8EB-4042-A773-1BC53FA0A721}.Debug|Any CPU.ActiveCfg = Debug|Any CPU
		{8C08642A-C8EB-4042-A773-1BC53FA0A721}.Debug|Any CPU.Build.0 = Debug|Any CPU
		{8C08642A-C8EB-4042-A773-1BC53FA0A721}.Release|Any CPU.ActiveCfg = Release|Any CPU
		{8C08642A-C8EB-4042-A773-1BC53FA0A721}.Release|Any CPU.Build.0 = Release|Any CPU
	EndGlobalSection
	GlobalSection(SolutionProperties) = preSolution
		HideSolutionNode = FALSE
	EndGlobalSection
	GlobalSection(ExtensibilityGlobals) = postSolution
		SolutionGuid = {2D4C1A63-CA5A-4F22-9FEA-ED7A086BB514}
	EndGlobalSection
EndGlobal
